<?xml version="1.0" encoding="utf-8"?>
<Project ToolsVersion="4.0" xmlns="http://schemas.microsoft.com/developer/msbuild/2003">
  <ItemGroup>
    <Filter Include="General">
      <UniqueIdentifier>{4FC737F1-C7A5-4376-A066-2A32D752A2FF}</UniqueIdentifier>
      <Extensions>cpp;c;cc;cxx;def;odl;idl;hpj;bat;asm;asmx</Extensions>
    </Filter>
    <Filter Include="Game">
      <UniqueIdentifier>{7af33695-c06d-49f5-bd26-63fc967f3568}</UniqueIdentifier>
    </Filter>
    <Filter Include="Data">
      <UniqueIdentifier>{e55b867b-04ce-4af6-8c4f-f1490f896af2}</UniqueIdentifier>
    </Filter>
    <Filter Include="Data\Definitions">
      <UniqueIdentifier>{51732993-18f9-405b-b697-60f965ca948c}</UniqueIdentifier>
    </Filter>
    <Filter Include="Data\Materials">
      <UniqueIdentifier>{f7b9382b-ef91-46fc-bd81-f820bda7fec2}</UniqueIdentifier>
    </Filter>
    <Filter Include="Data\Images">
      <UniqueIdentifier>{4ff2fdbf-8196-4aa9-a982-698d45f2e3ea}</UniqueIdentifier>
    </Filter>
    <Filter Include="Data\ShaderPrograms">
      <UniqueIdentifier>{dbe415ab-3d9e-4701-b872-a47ba366d86e}</UniqueIdentifier>
    </Filter>
    <Filter Include="Data\Shaders">
      <UniqueIdentifier>{38c32011-edaf-4083-bb77-be03e4e3d720}</UniqueIdentifier>
    </Filter>
    <Filter Include="Data\Audio">
      <UniqueIdentifier>{e9c093f5-cba4-48a5-a274-96fd8debf05a}</UniqueIdentifier>
    </Filter>
    <Filter Include="Data\Audio\Music">
      <UniqueIdentifier>{969d5f75-c741-4a2f-b798-c33b73122da0}</UniqueIdentifier>
    </Filter>
    <Filter Include="Data\Audio\Sound">
      <UniqueIdentifier>{1ccf4bc9-332f-41de-8f89-1e3fdb8f9d8d}</UniqueIdentifier>
    </Filter>
  </ItemGroup>
  <ItemGroup>
    <ClCompile Include="Main_Win32.cpp">
      <Filter>General</Filter>
    </ClCompile>
    <ClCompile Include="GameCommon.cpp">
      <Filter>General</Filter>
    </ClCompile>
    <ClCompile Include="Game.cpp">
      <Filter>Game</Filter>
    </ClCompile>
    <ClCompile Include="GameConfig.cpp">
      <Filter>General</Filter>
    </ClCompile>
    <ClCompile Include="Lander.cpp">
      <Filter>Game</Filter>
    </ClCompile>
  </ItemGroup>
  <ItemGroup>
    <ClInclude Include="GameCommon.hpp">
      <Filter>General</Filter>
    </ClInclude>
    <ClInclude Include="Game.hpp">
      <Filter>Game</Filter>
    </ClInclude>
    <ClInclude Include="GameConfig.hpp">
      <Filter>General</Filter>
    </ClInclude>
    <ClInclude Include="Lander.hpp">
      <Filter>Game</Filter>
    </ClInclude>
  </ItemGroup>
  <ItemGroup>
    <Image Include="..\..\Run_x64\Data\Images\LunarLander.png">
      <Filter>Data\Images</Filter>
    </Image>
    <Image Include="..\..\Run_x64\Data\Images\tileset2.png">
      <Filter>Data\Images</Filter>
    </Image>
    <Image Include="..\..\Run_x64\Data\Images\Lander.png">
      <Filter>Data\Images</Filter>
    </Image>
  </ItemGroup>
  <ItemGroup>
    <Media Include="..\..\Run_x64\Data\Audio\Music\Jupiter.wav">
      <Filter>Data\Audio\Music</Filter>
    </Media>
    <Media Include="..\..\Run_x64\Data\Audio\Sound\Debris1.wav">
      <Filter>Data\Audio\Sound</Filter>
    </Media>
    <Media Include="..\..\Run_x64\Data\Audio\Sound\Debris2.wav">
      <Filter>Data\Audio\Sound</Filter>
    </Media>
    <Media Include="..\..\Run_x64\Data\Audio\Sound\Debris3.wav">
      <Filter>Data\Audio\Sound</Filter>
    </Media>
    <Media Include="..\..\Run_x64\Data\Audio\Sound\Decompression.wav">
      <Filter>Data\Audio\Sound</Filter>
    </Media>
    <Media Include="..\..\Run_x64\Data\Audio\Sound\Driving.wav">
      <Filter>Data\Audio\Sound</Filter>
    </Media>
    <Media Include="..\..\Run_x64\Data\Audio\Sound\Explosion1.wav">
      <Filter>Data\Audio\Sound</Filter>
    </Media>
    <Media Include="..\..\Run_x64\Data\Audio\Sound\Explosion2.wav">
      <Filter>Data\Audio\Sound</Filter>
    </Media>
    <Media Include="..\..\Run_x64\Data\Audio\Sound\Explosion3.wav">
      <Filter>Data\Audio\Sound</Filter>
    </Media>
    <Media Include="..\..\Run_x64\Data\Audio\Sound\Explosion4.wav">
      <Filter>Data\Audio\Sound</Filter>
    </Media>
    <Media Include="..\..\Run_x64\Data\Audio\Sound\Explosion5.wav">
      <Filter>Data\Audio\Sound</Filter>
    </Media>
    <Media Include="..\..\Run_x64\Data\Audio\Sound\Explosion6.wav">
      <Filter>Data\Audio\Sound</Filter>
    </Media>
    <Media Include="..\..\Run_x64\Data\Audio\Sound\Parachutes.wav">
      <Filter>Data\Audio\Sound</Filter>
    </Media>
    <Media Include="..\..\Run_x64\Data\Audio\Sound\Rustle1.wav">
      <Filter>Data\Audio\Sound</Filter>
    </Media>
    <Media Include="..\..\Run_x64\Data\Audio\Sound\Rustle2.wav">
      <Filter>Data\Audio\Sound</Filter>
    </Media>
    <Media Include="..\..\Run_x64\Data\Audio\Sound\Rustle3.wav">
      <Filter>Data\Audio\Sound</Filter>
    </Media>
    <Media Include="..\..\Run_x64\Data\Audio\Sound\ThrustLow.wav">
      <Filter>Data\Audio\Sound</Filter>
    </Media>
    <Media Include="..\..\Run_x64\Data\Audio\Sound\Touch.wav">
      <Filter>Data\Audio\Sound</Filter>
    </Media>
    <Media Include="..\..\Run_x64\Data\Audio\Sound\VictoryBig.wav">
      <Filter>Data\Audio\Sound</Filter>
    </Media>
    <Media Include="..\..\Run_x64\Data\Audio\Sound\VictorySmall.wav">
      <Filter>Data\Audio\Sound</Filter>
    </Media>
    <Media Include="..\..\Run_x64\Data\Audio\Sound\WaterSplash.wav">
      <Filter>Data\Audio\Sound</Filter>
    </Media>
    <Media Include="..\..\Run_x64\Data\Audio\Sound\Wind.wav">
      <Filter>Data\Audio\Sound</Filter>
    </Media>
    <Media Include="..\..\Run_x64\Data\Audio\Sound\WindParticles.wav">
      <Filter>Data\Audio\Sound</Filter>
    </Media>
  </ItemGroup>
  <ItemGroup>
    <None Include="..\..\Run_x64\Data\Materials\lander.material">
      <Filter>Data\Materials</Filter>
    </None>
    <None Include="..\..\Run_x64\Data\Shaders\lander.shader">
      <Filter>Data\Shaders</Filter>
    </None>
  </ItemGroup>
</Project>